{
    "_readme": [
        "This file locks the dependencies of your project to a known state",
        "Read more about it at https://getcomposer.org/doc/01-basic-usage.md#composer-lock-the-lock-file",
        "This file is @generated automatically"
    ],
    "hash": "040573b35f21cb271469a62effcbdfc1",
    "content-hash": "a2f2dfefac1e9ab8d142d830b1bbc244",
    "packages": [
        {
            "name": "google/protobuf",
            "version": "v3.1.0-alpha-1",
            "source": {
                "type": "git",
                "url": "https://github.com/google/protobuf.git",
                "reference": "a428e42072765993ff674fda72863c9f1aa2d268"
            },
            "dist": {
                "type": "zip",
                "url": "https://api.github.com/repos/google/protobuf/zipball/a428e42072765993ff674fda72863c9f1aa2d268",
                "reference": "a428e42072765993ff674fda72863c9f1aa2d268",
                "shasum": ""
            },
            "require": {
                "php": ">=5.5.0"
            },
            "require-dev": {
                "phpunit/phpunit": ">=4.8.0"
            },
            "type": "library",
            "autoload": {
                "psr-4": {
                    "Google\\": "php/src/Google"
                },
                "files": [
                    "php/src/Google/Protobuf/descriptor.php",
                    "php/src/Google/Protobuf/descriptor_internal.pb.php",
                    "php/src/Google/Protobuf/Internal/Type.php"
                ]
            },
            "notification-url": "https://packagist.org/downloads/",
            "license": [
                "BSD-3-Clause"
            ],
            "description": "proto library for PHP",
            "homepage": "https://developers.google.com/protocol-buffers/",
            "keywords": [
                "proto"
            ],
            "time": "2016-09-24 02:12:45"
        },
        {
            "name": "grpc/grpc",
            "version": "v0.15.2",
            "source": {
                "type": "git",
                "url": "https://github.com/grpc/grpc.git",
                "reference": "15a10b7ea262a95b5c10288f67932d5ba24ac47d"
            },
            "dist": {
                "type": "zip",
                "url": "https://api.github.com/repos/grpc/grpc/zipball/15a10b7ea262a95b5c10288f67932d5ba24ac47d",
                "reference": "15a10b7ea262a95b5c10288f67932d5ba24ac47d",
                "shasum": ""
            },
            "require": {
                "php": ">=5.5.0",
                "stanley-cheung/protobuf-php": "dev-master"
            },
            "require-dev": {
                "google/auth": "v0.9"
            },
            "type": "library",
            "autoload": {
                "psr-4": {
                    "Grpc\\": "src/php/lib/Grpc/"
                }
            },
            "notification-url": "https://packagist.org/downloads/",
            "license": [
                "BSD-3-Clause"
            ],
            "description": "gRPC library for PHP",
            "homepage": "http://grpc.io",
            "keywords": [
                "rpc"
            ],
            "time": "2016-07-14 06:33:26"
        },
        {
            "name": "stanley-cheung/protobuf-php",
            "version": "dev-master",
            "source": {
                "type": "git",
                "url": "https://github.com/stanley-cheung/Protobuf-PHP.git",
                "reference": "e15c8846bd90a2638a2017e6b6663cd195885300"
            },
            "dist": {
                "type": "zip",
                "url": "https://api.github.com/repos/stanley-cheung/Protobuf-PHP/zipball/e15c8846bd90a2638a2017e6b6663cd195885300",
                "reference": "e15c8846bd90a2638a2017e6b6663cd195885300",
                "shasum": ""
            },
            "require": {
                "php": ">=5.3.0"
            },
            "bin": [
                "protoc-gen-php.bat",
                "protoc-gen-php.php"
            ],
            "type": "library",
            "extra": {
                "branch-alias": {
                    "dev-master": "1.0-dev"
                }
            },
            "autoload": {
                "psr-0": {
                    "DrSlump": "library/"
                }
            },
            "notification-url": "https://packagist.org/downloads/",
            "license": [
                "MIT"
            ],
            "authors": [
                {
                    "name": "Iván -DrSlump- Montes",
                    "email": "drslump@pollinimini.net",
                    "homepage": "https://github.com/drslump/Protobuf-PHP"
                }
            ],
            "description": "PHP implementation of Google's Protocol Buffers",
            "homepage": "https://github.com/stanley-cheung/Protobuf-PHP",
            "keywords": [
                "protobuf",
                "protocol buffer",
                "serializing"
            ],
            "time": "2016-07-25 22:44:12"
        }
    ],
    "packages-dev": [],
    "aliases": [],
    "minimum-stability": "dev",
    "stability-flags": [],
    "prefer-stable": false,
    "prefer-lowest": false,
    "platform": [],
    "platform-dev": []
}
